// !$*UTF8*$!
{
	archiveVersion = 1;
	classes = {
	};
	objectVersion = 48;
	objects = {

/* Begin PBXBuildFile section */
		34C1CC7420389E8F00621238 /* AppDelegate.swift in Sources */ = {isa = PBXBuildFile; fileRef = 34C1CC7320389E8F00621238 /* AppDelegate.swift */; };
		34C1CC7620389E8F00621238 /* ViewController.swift in Sources */ = {isa = PBXBuildFile; fileRef = 34C1CC7520389E8F00621238 /* ViewController.swift */; };
		34C1CC7920389E8F00621238 /* Main.storyboard in Resources */ = {isa = PBXBuildFile; fileRef = 34C1CC7720389E8F00621238 /* Main.storyboard */; };
		34C1CC7B20389E8F00621238 /* Assets.xcassets in Resources */ = {isa = PBXBuildFile; fileRef = 34C1CC7A20389E8F00621238 /* Assets.xcassets */; };
		34C1CC7E20389E9000621238 /* LaunchScreen.storyboard in Resources */ = {isa = PBXBuildFile; fileRef = 34C1CC7C20389E9000621238 /* LaunchScreen.storyboard */; };
/* End PBXBuildFile section */

/* Begin PBXFileReference section */
		34C1CC7020389E8F00621238 /* codable-decodable.app */ = {isa = PBXFileReference; explicitFileType = wrapper.application; includeInIndex = 0; path = "codable-decodable.app"; sourceTree = BUILT_PRODUCTS_DIR; };
		34C1CC7320389E8F00621238 /* AppDelegate.swift */ = {isa = PBXFileReference; lastKnownFileType = sourcecode.swift; path = AppDelegate.swift; sourceTree = "<group>"; };
		34C1CC7520389E8F00621238 /* ViewController.swift */ = {isa = PBXFileReference; lastKnownFileType = sourcecode.swift; path = ViewController.swift; sourceTree = "<group>"; };
		34C1CC7820389E8F00621238 /* Base */ = {isa = PBXFileReference; lastKnownFileType = file.storyboard; name = Base; path = Base.lproj/Main.storyboard; sourceTree = "<group>"; };
		34C1CC7A20389E8F00621238 /* Assets.xcassets */ = {isa = PBXFileReference; lastKnownFileType = folder.assetcatalog; path = Assets.xcassets; sourceTree = "<group>"; };
		34C1CC7D20389E9000621238 /* Base */ = {isa = PBXFileReference; lastKnownFileType = file.storyboard; name = Base; path = Base.lproj/LaunchScreen.storyboard; sourceTree = "<group>"; };
		34C1CC7F20389E9000621238 /* Info.plist */ = {isa = PBXFileReference; lastKnownFileType = text.plist.xml; path = Info.plist; sourceTree = "<group>"; };
/* End PBXFileReference section */

/* Begin PBXFrameworksBuildPhase section */
		34C1CC6D20389E8F00621238 /* Frameworks */ = {
			isa = PBXFrameworksBuildPhase;
			buildActionMask = 2147483647;
			files = (
			);
			runOnlyForDeploymentPostprocessing = 0;
		};
/* End PBXFrameworksBuildPhase section */

/* Begin PBXGroup section */
		34C1CC6720389E8F00621238 = {
			isa = PBXGroup;
			children = (
				34C1CC7220389E8F00621238 /* codable-decodable */,
				34C1CC7120389E8F00621238 /* Products */,
			);
			sourceTree = "<group>";
		};
		34C1CC7120389E8F00621238 /* Products */ = {
			isa = PBXGroup;
			children = (
				34C1CC7020389E8F00621238 /* codable-decodable.app */,
			);
			name = Products;
			sourceTree = "<group>";
		};
		34C1CC7220389E8F00621238 /* codable-decodable */ = {
			isa = PBXGroup;
			children = (
				34C1CC7320389E8F00621238 /* AppDelegate.swift */,
				34C1CC7520389E8F00621238 /* ViewController.swift */,
				34C1CC7720389E8F00621238 /* Main.storyboard */,
				34C1CC7A20389E8F00621238 /* Assets.xcassets */,
				34C1CC7C20389E9000621238 /* LaunchScreen.storyboard */,
				34C1CC7F20389E9000621238 /* Info.plist */,
			);
			path = "codable-decodable";
			sourceTree = "<group>";
		};
/* End PBXGroup section */

/* Begin PBXNativeTarget section */
		34C1CC6F20389E8F00621238 /* codable-decodable */ = {
			isa = PBXNativeTarget;
			buildConfigurationList = 34C1CC8220389E9000621238 /* Build configuration list for PBXNativeTarget "codable-decodable" */;
			buildPhases = (
				34C1CC6C20389E8F00621238 /* Sources */,
				34C1CC6D20389E8F00621238 /* Frameworks */,
				34C1CC6E20389E8F00621238 /* Resources */,
			);
			buildRules = (
			);
			dependencies = (
			);
			name = "codable-decodable";
			productName = "codable-decodable";
			productReference = 34C1CC7020389E8F00621238 /* codable-decodable.app */;
			productType = "com.apple.product-type.application";
		};
/* End PBXNativeTarget section */

/* Begin PBXProject section */
		34C1CC6820389E8F00621238 /* Project object */ = {
			isa = PBXProject;
			attributes = {
				LastSwiftUpdateCheck = 0920;
				LastUpgradeCheck = 0920;
				ORGANIZATIONNAME = "Vikky Chaudhary";
				TargetAttributes = {
					34C1CC6F20389E8F00621238 = {
						CreatedOnToolsVersion = 9.2;
						ProvisioningStyle = Automatic;
					};
				};
			};
			buildConfigurationList = 34C1CC6B20389E8F00621238 /* Build configuration list for PBXProject "codable-decodable" */;
			compatibilityVersion = "Xcode 8.0";
			developmentRegion = en;
			hasScannedForEncodings = 0;
			knownRegions = (
				en,
				Base,
			);
			mainGroup = 34C1CC6720389E8F00621238;
			productRefGroup = 34C1CC7120389E8F00621238 /* Products */;
			projectDirPath = "";
			projectRoot = "";
			targets = (
				34C1CC6F20389E8F00621238 /* codable-decodable */,
			);
		};
/* End PBXProject section */

/* Begin PBXResourcesBuildPhase section */
		34C1CC6E20389E8F00621238 /* Resources */ = {
			isa = PBXResourcesBuildPhase;
			buildActionMask = 2147483647;
			files = (
				34C1CC7E20389E9000621238 /* LaunchScreen.storyboard in Resources */,
				34C1CC7B20389E8F00621238 /* Assets.xcassets in Resources */,
				34C1CC7920389E8F00621238 /* Main.storyboard in Resources */,
			);
			runOnlyForDeploymentPostprocessing = 0;
		};
/* End PBXResourcesBuildPhase section */

/* Begin PBXSourcesBuildPhase section */
		34C1CC6C20389E8F00621238 /* Sources */ = {
			isa = PBXSourcesBuildPhase;
			buildActionMask = 2147483647;
			files = (
				34C1CC7620389E8F00621238 /* ViewController.swift in Sources */,
				34C1CC7420389E8F00621238 /* AppDelegate.swift in Sources */,
			);
			runOnlyForDeploymentPostprocessing = 0;
		};
/* End PBXSourcesBuildPhase section */

/* Begin PBXVariantGroup section */
		34C1CC7720389E8F00621238 /* Main.storyboard */ = {
			isa = PBXVariantGroup;
			children = (
				34C1CC7820389E8F00621238 /* Base */,
			);
			name = Main.storyboard;
			sourceTree = "<group>";
		};
		34C1CC7C20389E9000621238 /* LaunchScreen.storyboard */ = {
			isa = PBXVariantGroup;
			children = (
				34C1CC7D20389E9000621238 /* Base */,
			);
			name = LaunchScreen.storyboard;
			sourceTree = "<group>";
		};
/* End PBXVariantGroup section */

/* Begin XCBuildConfiguration section */
		34C1CC8020389E9000621238 /* Debug */ = {
			isa = XCBuildConfiguration;
			buildSettings = {
				ALWAYS_SEARCH_USER_PATHS = NO;
				CLANG_ANALYZER_NONNULL = YES;
				CLANG_ANALYZER_NUMBER_OBJECT_CONVERSION = YES_AGGRESSIVE;
				CLANG_CXX_LANGUAGE_STANDARD = "gnu++14";
				CLANG_CXX_LIBRARY = "libc++";
				CLANG_ENABLE_MODULES = YES;
				CLANG_ENABLE_OBJC_ARC = YES;
				CLANG_WARN_BLOCK_CAPTURE_AUTORELEASING = YES;
				CLANG_WARN_BOOL_CONVERSION = YES;
				CLANG_WARN_COMMA = YES;
				CLANG_WARN_CONSTANT_CONVERSION = YES;
				CLANG_WARN_DIRECT_OBJC_ISA_USAGE = YES_ERROR;
				CLANG_WARN_DOCUMENTATION_COMMENTS = YES;
				CLANG_WARN_EMPTY_BODY = YES;
				CLANG_WARN_ENUM_CONVERSION = YES;
				CLANG_WARN_INFINITE_RECURSION = YES;
				CLANG_WARN_INT_CONVERSION = YES;
				CLANG_WARN_NON_LITERAL_NULL_CONVERSION = YES;
				CLANG_WARN_OBJC_LITERAL_CONVERSION = YES;
				CLANG_WARN_OBJC_ROOT_CLASS = YES_ERROR;
				CLANG_WARN_RANGE_LOOP_ANALYSIS = YES;
				CLANG_WARN_STRICT_PROTOTYPES = YES;
				CLANG_WARN_SUSPICIOUS_MOVE = YES;
				CLANG_WARN_UNGUARDED_AVAILABILITY = YES_AGGRESSIVE;
				CLANG_WARN_UNREACHABLE_CODE = YES;
				CLANG_WARN__DUPLICATE_METHOD_MATCH = YES;
				CODE_SIGN_IDENTITY = "iPhone Developer";
				COPY_PHASE_STRIP = NO;
				DEBUG_INFORMATION_FORMAT = dwarf;
				ENABLE_STRICT_OBJC_MSGSEND = YES;
				ENABLE_TESTABILITY = YES;
				GCC_C_LANGUAGE_STANDARD = gnu11;
				GCC_DYNAMIC_NO_PIC = NO;
				GCC_NO_COMMON_BLOCKS = YES;
				GCC_OPTIMIZATION_LEVEL = 0;
				GCC_PREPROCESSOR_DEFINITIONS = (
					"DEBUG=1",
					"$(inherited)",
				);
				GCC_WARN_64_TO_32_BIT_CONVERSION = YES;
				GCC_WARN_ABOUT_RETURN_TYPE = YES_ERROR;
				GCC_WARN_UNDECLARED_SELECTOR = YES;
				GCC_WARN_UNINITIALIZED_AUTOS = YES_AGGRESSIVE;
				GCC_WARN_UNUSED_FUNCTION = YES;
				GCC_WARN_UNUSED_VARIABLE = YES;
				IPHONEOS_DEPLOYMENT_TARGET = 11.2;
				MTL_ENABLE_DEBUG_INFO = YES;
				ONLY_ACTIVE_ARCH = YES;
				SDKROOT = iphoneos;
				SWIFT_ACTIVE_COMPILATION_CONDITIONS = DEBUG;
				SWIFT_OPTIMIZATION_LEVEL = "-Onone";
			};
			name = Debug;
		};
		34C1CC8120389E9000621238 /* Release */ = {
			isa = XCBuildConfiguration;
			buildSettings = {
				ALWAYS_SEARCH_USER_PATHS = NO;
				CLANG_ANALYZER_NONNULL = YES;
				CLANG_ANALYZER_NUMBER_OBJECT_CONVERSION = YES_AGGRESSIVE;
				CLANG_CXX_LANGUAGE_STANDARD = "gnu++14";
				CLANG_CXX_LIBRARY = "libc++";
				CLANG_ENABLE_MODULES = YES;
				CLANG_ENABLE_OBJC_ARC = YES;
				CLANG_WARN_BLOCK_CAPTURE_AUTORELEASING = YES;
				CLANG_WARN_BOOL_CONVERSION = YES;
				CLANG_WARN_COMMA = YES;
				CLANG_WARN_CONSTANT_CONVERSION = YES;
				CLANG_WARN_DIRECT_OBJC_ISA_USAGE = YES_ERROR;
				CLANG_WARN_DOCUMENTATION_COMMENTS = YES;
				CLANG_WARN_EMPTY_BODY = YES;
				CLANG_WARN_ENUM_CONVERSION = YES;
				CLANG_WARN_INFINITE_RECURSION = YES;
				CLANG_WARN_INT_CONVERSION = YES;
				CLANG_WARN_NON_LITERAL_NULL_CONVERSION = YES;
				CLANG_WARN_OBJC_LITERAL_CONVERSION = YES;
				CLANG_WARN_OBJC_ROOT_CLASS = YES_ERROR;
				CLANG_WARN_RANGE_LOOP_ANALYSIS = YES;
				CLANG_WARN_STRICT_PROTOTYPES = YES;
				CLANG_WARN_SUSPICIOUS_MOVE = YES;
				CLANG_WARN_UNGUARDED_AVAILABILITY = YES_AGGRESSIVE;
				CLANG_WARN_UNREACHABLE_CODE = YES;
				CLANG_WARN__DUPLICATE_METHOD_MATCH = YES;
				CODE_SIGN_IDENTITY = "iPhone Developer";
				COPY_PHASE_STRIP = NO;
				DEBUG_INFORMATION_FORMAT = "dwarf-with-dsym";
				ENABLE_NS_ASSERTIONS = NO;
				ENABLE_STRICT_OBJC_MSGSEND = YES;
				GCC_C_LANGUAGE_STANDARD = gnu11;
				GCC_NO_COMMON_BLOCKS = YES;
				GCC_WARN_64_TO_32_BIT_CONVERSION = YES;
				GCC_WARN_ABOUT_RETURN_TYPE = YES_ERROR;
				GCC_WARN_UNDECLARED_SELECTOR = YES;
				GCC_WARN_UNINITIALIZED_AUTOS = YES_AGGRESSIVE;
				GCC_WARN_UNUSED_FUNCTION = YES;
				GCC_WARN_UNUSED_VARIABLE = YES;
				IPHONEOS_DEPLOYMENT_TARGET = 11.2;
				MTL_ENABLE_DEBUG_INFO = NO;
				SDKROOT = iphoneos;
				SWIFT_OPTIMIZATION_LEVEL = "-Owholemodule";
				VALIDATE_PRODUCT = YES;
			};
			name = Release;
		};
		34C1CC8320389E9000621238 /* Debug */ = {
			isa = XCBuildConfiguration;
			buildSettings = {
				ASSETCATALOG_COMPILER_APPICON_NAME = AppIcon;
				CODE_SIGN_STYLE = Automatic;
				INFOPLIST_FILE = "codable-decodable/Info.plist";
				LD_RUNPATH_SEARCH_PATHS = "$(inherited) @executable_path/Frameworks";
				PRODUCT_BUNDLE_IDENTIFIER = "AppIdea.codable-decodable";
				PRODUCT_NAME = "$(TARGET_NAME)";
				SWIFT_VERSION = 4.0;
				TARGETED_DEVICE_FAMILY = "1,2";
			};
			name = Debug;
		};
		34C1CC8420389E9000621238 /* Release */ = {
			isa = XCBuildConfiguration;
			buildSettings = {
				ASSETCATALOG_COMPILER_APPICON_NAME = AppIcon;
				CODE_SIGN_STYLE = Automatic;
				INFOPLIST_FILE = "codable-decodable/Info.plist";
				LD_RUNPATH_SEARCH_PATHS = "$(inherited) @executable_path/Frameworks";
				PRODUCT_BUNDLE_IDENTIFIER = "AppIdea.codable-decodable";
				PRODUCT_NAME = "$(TARGET_NAME)";
				SWIFT_VERSION = 4.0;
				TARGETED_DEVICE_FAMILY = "1,2";
			};
			name = Release;
		};
/* End XCBuildConfiguration section */

/* Begin XCConfigurationList section */
		34C1CC6B20389E8F00621238 /* Build configuration list for PBXProject "codable-decodable" */ = {
			isa = XCConfigurationList;
			buildConfigurations = (
				34C1CC8020389E9000621238 /* Debug */,
				34C1CC8120389E9000621238 /* Release */,
			);
			defaultConfigurationIsVisible = 0;
			defaultConfigurationName = Release;
		};
		34C1CC8220389E9000621238 /* Build configuration list for PBXNativeTarget "codable-decodable" */ = {
			isa = XCConfigurationList;
			buildConfigurations = (
				34C1CC8320389E9000621238 /* Debug */,
				34C1CC8420389E9000621238 /* Release */,
			);
			defaultConfigurationIsVisible = 0;
			defaultConfigurationName = Release;
		};
/* End XCConfigurationList section */
	};
	rootObject = 34C1CC6820389E8F00621238 /* Project object */;
}
